
Microsoft Visual Studio Solution File, Format Version 12.00
Project("{FAE04EC0-301F-11D3-BF4B-00C04F79EFBC}") = "HanziFangzi", "HanziFangzi\HanziFangzi.csproj", "{FDA30F7A-46AB-428D-A331-6E88CABC06CC}"
EndProject
Global
	GlobalSection(SolutionConfigurationPlatforms) = preSolution
		Debug|Any CPU = Debug|Any CPU
		Release|Any CPU = Release|Any CPU
	EndGlobalSection
	GlobalSection(ProjectConfigurationPlatforms) = postSolution
		{FDA30F7A-46AB-428D-A331-6E88CABC06CC}.Debug|Any CPU.ActiveCfg = Debug|Any CPU
		{FDA30F7A-46AB-428D-A331-6E88CABC06CC}.Debug|Any CPU.Build.0 = Debug|Any CPU
		{FDA30F7A-46AB-428D-A331-6E88CABC06CC}.Release|Any CPU.ActiveCfg = Release|Any CPU
		{FDA30F7A-46AB-428D-A331-6E88CABC06CC}.Release|Any CPU.Build.0 = Release|Any CPU
	EndGlobalSection
EndGlobal
